// !$*UTF8*$!
{
	archiveVersion = 1;
	classes = {
	};
	objectVersion = 77;
	objects = {

/* Begin PBXBuildFile section */
		B07A7ACF2F3CAEE300FEBF9F /* Kingfisher in Frameworks */ = {isa = PBXBuildFile; productRef = B07A7ACE2F3CAEE300FEBF9F /* Kingfisher */; };
/* End PBXBuildFile section */

/* Begin PBXContainerItemProxy section */
		B07A7A602F3BB60C00FEBF9F /* PBXContainerItemProxy */ = {
			isa = PBXContainerItemProxy;
			containerPortal = B07A7A412F3BB60A00FEBF9F /* Project object */;
			proxyType = 1;
			remoteGlobalIDString = B07A7A482F3BB60A00FEBF9F;
			remoteInfo = exchanges;
		};
		B07A7A6A2F3BB60C00FEBF9F /* PBXContainerItemProxy */ = {
			isa = PBXContainerItemProxy;
			containerPortal = B07A7A412F3BB60A00FEBF9F /* Project object */;
			proxyType = 1;
			remoteGlobalIDString = B07A7A482F3BB60A00FEBF9F;
			remoteInfo = exchanges;
		};
/* End PBXContainerItemProxy section */

/* Begin PBXFileReference section */
		B07A7A492F3BB60A00FEBF9F /* Exchanges.app */ = {isa = PBXFileReference; explicitFileType = wrapper.application; includeInIndex = 0; path = Exchanges.app; sourceTree = BUILT_PRODUCTS_DIR; };
		B07A7A5F2F3BB60C00FEBF9F /* ExchangesTests.xctest */ = {isa = PBXFileReference; explicitFileType = wrapper.cfbundle; includeInIndex = 0; path = ExchangesTests.xctest; sourceTree = BUILT_PRODUCTS_DIR; };
		B07A7A692F3BB60C00FEBF9F /* ExchangesUITests.xctest */ = {isa = PBXFileReference; explicitFileType = wrapper.cfbundle; includeInIndex = 0; path = ExchangesUITests.xctest; sourceTree = BUILT_PRODUCTS_DIR; };
/* End PBXFileReference section */

/* Begin PBXFileSystemSynchronizedBuildFileExceptionSet section */
		B04868B72F3F6121008522CF /* Exceptions for "ExchangesTests" folder in "ExchangesTests" target */ = {
			isa = PBXFileSystemSynchronizedBuildFileExceptionSet;
			membershipExceptions = (
				ExchangesTests.xctestplan,
			);
			target = B07A7A5E2F3BB60C00FEBF9F /* ExchangesTests */;
		};
		B07A7A712F3BB60C00FEBF9F /* Exceptions for "Exchanges" folder in "Exchanges" target */ = {
			isa = PBXFileSystemSynchronizedBuildFileExceptionSet;
			membershipExceptions = (
				"/Localized: Resources/Localizable.strings",
				Application/Info.plist,
			);
			target = B07A7A482F3BB60A00FEBF9F /* Exchanges */;
		};
		B0FC67122F3F86BF00492240 /* Exceptions for "ExchangesUITests" folder in "ExchangesUITests" target */ = {
			isa = PBXFileSystemSynchronizedBuildFileExceptionSet;
			membershipExceptions = (
				ExchangesUITests.xctestplan,
			);
			target = B07A7A682F3BB60C00FEBF9F /* ExchangesUITests */;
		};
/* End PBXFileSystemSynchronizedBuildFileExceptionSet section */

/* Begin PBXFileSystemSynchronizedGroupBuildPhaseMembershipExceptionSet section */
		B07A7AE92F3E05EB00FEBF9F /* Exceptions for "Exchanges" folder in "Compile Sources" phase from "Exchanges" target */ = {
			isa = PBXFileSystemSynchronizedGroupBuildPhaseMembershipExceptionSet;
			buildPhase = B07A7A452F3BB60A00FEBF9F /* Sources */;
			membershipExceptions = (
				"/Localized: Resources/Localizable.strings",
			);
		};
/* End PBXFileSystemSynchronizedGroupBuildPhaseMembershipExceptionSet section */

/* Begin PBXFileSystemSynchronizedRootGroup section */
		B07A7A4B2F3BB60A00FEBF9F /* Exchanges */ = {
			isa = PBXFileSystemSynchronizedRootGroup;
			exceptions = (
				B07A7A712F3BB60C00FEBF9F /* Exceptions for "Exchanges" folder in "Exchanges" target */,
				B07A7AE92F3E05EB00FEBF9F /* Exceptions for "Exchanges" folder in "Compile Sources" phase from "Exchanges" target */,
			);
			path = Exchanges;
			sourceTree = "<group>";
		};
		B07A7A622F3BB60C00FEBF9F /* ExchangesTests */ = {
			isa = PBXFileSystemSynchronizedRootGroup;
			exceptions = (
				B04868B72F3F6121008522CF /* Exceptions for "ExchangesTests" folder in "ExchangesTests" target */,
			);
			path = ExchangesTests;
			sourceTree = "<group>";
		};
		B07A7A6C2F3BB60C00FEBF9F /* ExchangesUITests */ = {
			isa = PBXFileSystemSynchronizedRootGroup;
			exceptions = (
				B0FC67122F3F86BF00492240 /* Exceptions for "ExchangesUITests" folder in "ExchangesUITests" target */,
			);
			path = ExchangesUITests;
			sourceTree = "<group>";
		};
/* End PBXFileSystemSynchronizedRootGroup section */

/* Begin PBXFrameworksBuildPhase section */
		B07A7A462F3BB60A00FEBF9F /* Frameworks */ = {
			isa = PBXFrameworksBuildPhase;
			buildActionMask = 2147483647;
			files = (
				B07A7ACF2F3CAEE300FEBF9F /* Kingfisher in Frameworks */,
			);
			runOnlyForDeploymentPostprocessing = 0;
		};
		B07A7A5C2F3BB60C00FEBF9F /* Frameworks */ = {
			isa = PBXFrameworksBuildPhase;
			buildActionMask = 2147483647;
			files = (
			);
			runOnlyForDeploymentPostprocessing = 0;
		};
		B07A7A662F3BB60C00FEBF9F /* Frameworks */ = {
			isa = PBXFrameworksBuildPhase;
			buildActionMask = 2147483647;
			files = (
			);
			runOnlyForDeploymentPostprocessing = 0;
		};
/* End PBXFrameworksBuildPhase section */

/* Begin PBXGroup section */
		B07A7A402F3BB60A00FEBF9F = {
			isa = PBXGroup;
			children = (
				B07A7A4B2F3BB60A00FEBF9F /* Exchanges */,
				B07A7A622F3BB60C00FEBF9F /* ExchangesTests */,
				B07A7A6C2F3BB60C00FEBF9F /* ExchangesUITests */,
				B07A7A4A2F3BB60A00FEBF9F /* Products */,
			);
			sourceTree = "<group>";
		};
		B07A7A4A2F3BB60A00FEBF9F /* Products */ = {
			isa = PBXGroup;
			children = (
				B07A7A492F3BB60A00FEBF9F /* Exchanges.app */,
				B07A7A5F2F3BB60C00FEBF9F /* ExchangesTests.xctest */,
				B07A7A692F3BB60C00FEBF9F /* ExchangesUITests.xctest */,
			);
			name = Products;
			sourceTree = "<group>";
		};
/* End PBXGroup section */

/* Begin PBXNativeTarget section */
		B07A7A482F3BB60A00FEBF9F /* Exchanges */ = {
			isa = PBXNativeTarget;
			buildConfigurationList = B07A7A722F3BB60C00FEBF9F /* Build configuration list for PBXNativeTarget "Exchanges" */;
			buildPhases = (
				B07A7A452F3BB60A00FEBF9F /* Sources */,
				B07A7A462F3BB60A00FEBF9F /* Frameworks */,
				B07A7A472F3BB60A00FEBF9F /* Resources */,
			);
			buildRules = (
			);
			dependencies = (
			);
			fileSystemSynchronizedGroups = (
				B07A7A4B2F3BB60A00FEBF9F /* Exchanges */,
			);
			name = Exchanges;
			packageProductDependencies = (
				B07A7ACE2F3CAEE300FEBF9F /* Kingfisher */,
			);
			productName = exchanges;
			productReference = B07A7A492F3BB60A00FEBF9F /* Exchanges.app */;
			productType = "com.apple.product-type.application";
		};
		B07A7A5E2F3BB60C00FEBF9F /* ExchangesTests */ = {
			isa = PBXNativeTarget;
			buildConfigurationList = B07A7A772F3BB60C00FEBF9F /* Build configuration list for PBXNativeTarget "ExchangesTests" */;
			buildPhases = (
				B07A7A5B2F3BB60C00FEBF9F /* Sources */,
				B07A7A5C2F3BB60C00FEBF9F /* Frameworks */,
				B07A7A5D2F3BB60C00FEBF9F /* Resources */,
			);
			buildRules = (
			);
			dependencies = (
				B07A7A612F3BB60C00FEBF9F /* PBXTargetDependency */,
			);
			fileSystemSynchronizedGroups = (
				B07A7A622F3BB60C00FEBF9F /* ExchangesTests */,
			);
			name = ExchangesTests;
			packageProductDependencies = (
			);
			productName = exchangesTests;
			productReference = B07A7A5F2F3BB60C00FEBF9F /* ExchangesTests.xctest */;
			productType = "com.apple.product-type.bundle.unit-test";
		};
		B07A7A682F3BB60C00FEBF9F /* ExchangesUITests */ = {
			isa = PBXNativeTarget;
			buildConfigurationList = B07A7A7A2F3BB60C00FEBF9F /* Build configuration list for PBXNativeTarget "ExchangesUITests" */;
			buildPhases = (
				B07A7A652F3BB60C00FEBF9F /* Sources */,
				B07A7A662F3BB60C00FEBF9F /* Frameworks */,
				B07A7A672F3BB60C00FEBF9F /* Resources */,
			);
			buildRules = (
			);
			dependencies = (
				B07A7A6B2F3BB60C00FEBF9F /* PBXTargetDependency */,
			);
			fileSystemSynchronizedGroups = (
				B07A7A6C2F3BB60C00FEBF9F /* ExchangesUITests */,
			);
			name = ExchangesUITests;
			packageProductDependencies = (
			);
			productName = exchangesUITests;
			productReference = B07A7A692F3BB60C00FEBF9F /* ExchangesUITests.xctest */;
			productType = "com.apple.product-type.bundle.ui-testing";
		};
/* End PBXNativeTarget section */

/* Begin PBXProject section */
		B07A7A412F3BB60A00FEBF9F /* Project object */ = {
			isa = PBXProject;
			attributes = {
				BuildIndependentTargetsInParallel = 1;
				LastSwiftUpdateCheck = 2620;
				LastUpgradeCheck = 2620;
				TargetAttributes = {
					B07A7A482F3BB60A00FEBF9F = {
						CreatedOnToolsVersion = 26.2;
					};
					B07A7A5E2F3BB60C00FEBF9F = {
						CreatedOnToolsVersion = 26.2;
						TestTargetID = B07A7A482F3BB60A00FEBF9F;
					};
					B07A7A682F3BB60C00FEBF9F = {
						CreatedOnToolsVersion = 26.2;
						TestTargetID = B07A7A482F3BB60A00FEBF9F;
					};
				};
			};
			buildConfigurationList = B07A7A442F3BB60A00FEBF9F /* Build configuration list for PBXProject "Exchanges" */;
			developmentRegion = en;
			hasScannedForEncodings = 0;
			knownRegions = (
				en,
				Base,
			);
			mainGroup = B07A7A402F3BB60A00FEBF9F;
			minimizedProjectReferenceProxies = 1;
			packageReferences = (
				B07A7ACD2F3CAEE300FEBF9F /* XCRemoteSwiftPackageReference "Kingfisher" */,
			);
			preferredProjectObjectVersion = 77;
			productRefGroup = B07A7A4A2F3BB60A00FEBF9F /* Products */;
			projectDirPath = "";
			projectRoot = "";
			targets = (
				B07A7A482F3BB60A00FEBF9F /* Exchanges */,
				B07A7A5E2F3BB60C00FEBF9F /* ExchangesTests */,
				B07A7A682F3BB60C00FEBF9F /* ExchangesUITests */,
			);
		};
/* End PBXProject section */

/* Begin PBXResourcesBuildPhase section */
		B07A7A472F3BB60A00FEBF9F /* Resources */ = {
			isa = PBXResourcesBuildPhase;
			buildActionMask = 2147483647;
			files = (
			);
			runOnlyForDeploymentPostprocessing = 0;
		};
		B07A7A5D2F3BB60C00FEBF9F /* Resources */ = {
			isa = PBXResourcesBuildPhase;
			buildActionMask = 2147483647;
			files = (
			);
			runOnlyForDeploymentPostprocessing = 0;
		};
		B07A7A672F3BB60C00FEBF9F /* Resources */ = {
			isa = PBXResourcesBuildPhase;
			buildActionMask = 2147483647;
			files = (
			);
			runOnlyForDeploymentPostprocessing = 0;
		};
/* End PBXResourcesBuildPhase section */

/* Begin PBXSourcesBuildPhase section */
		B07A7A452F3BB60A00FEBF9F /* Sources */ = {
			isa = PBXSourcesBuildPhase;
			buildActionMask = 2147483647;
			files = (
			);
			runOnlyForDeploymentPostprocessing = 0;
		};
		B07A7A5B2F3BB60C00FEBF9F /* Sources */ = {
			isa = PBXSourcesBuildPhase;
			buildActionMask = 2147483647;
			files = (
			);
			runOnlyForDeploymentPostprocessing = 0;
		};
		B07A7A652F3BB60C00FEBF9F /* Sources */ = {
			isa = PBXSourcesBuildPhase;
			buildActionMask = 2147483647;
			files = (
			);
			runOnlyForDeploymentPostprocessing = 0;
		};
/* End PBXSourcesBuildPhase section */

/* Begin PBXTargetDependency section */
		B07A7A612F3BB60C00FEBF9F /* PBXTargetDependency */ = {
			isa = PBXTargetDependency;
			target = B07A7A482F3BB60A00FEBF9F /* Exchanges */;
			targetProxy = B07A7A602F3BB60C00FEBF9F /* PBXContainerItemProxy */;
		};
		B07A7A6B2F3BB60C00FEBF9F /* PBXTargetDependency */ = {
			isa = PBXTargetDependency;
			target = B07A7A482F3BB60A00FEBF9F /* Exchanges */;
			targetProxy = B07A7A6A2F3BB60C00FEBF9F /* PBXContainerItemProxy */;
		};
/* End PBXTargetDependency section */

/* Begin XCBuildConfiguration section */
		B07A7A732F3BB60C00FEBF9F /* Debug */ = {
			isa = XCBuildConfiguration;
			buildSettings = {
				ASSETCATALOG_COMPILER_APPICON_NAME = AppIcon;
				ASSETCATALOG_COMPILER_GLOBAL_ACCENT_COLOR_NAME = AccentColor;
				CODE_SIGN_STYLE = Automatic;
				CURRENT_PROJECT_VERSION = 1;
				DEVELOPMENT_TEAM = 3NC455DU88;
				GENERATE_INFOPLIST_FILE = YES;
				INFOPLIST_FILE = Exchanges/Application/Info.plist;
				INFOPLIST_KEY_CFBundleDisplayName = Exchanges;
				INFOPLIST_KEY_LSApplicationCategoryType = "public.app-category.finance";
				INFOPLIST_KEY_UIApplicationSupportsIndirectInputEvents = YES;
				INFOPLIST_KEY_UILaunchStoryboardName = LaunchScreen;
				INFOPLIST_KEY_UISupportedInterfaceOrientations = UIInterfaceOrientationPortrait;
				LD_RUNPATH_SEARCH_PATHS = (
					"$(inherited)",
					"@executable_path/Frameworks",
				);
				MARKETING_VERSION = 1.0;
				PRODUCT_BUNDLE_IDENTIFIER = com.mp.exchanges;
				PRODUCT_NAME = "$(TARGET_NAME)";
				STRING_CATALOG_GENERATE_SYMBOLS = YES;
				SUPPORTED_PLATFORMS = "iphoneos iphonesimulator";
				SUPPORTS_MACCATALYST = NO;
				SUPPORTS_XR_DESIGNED_FOR_IPHONE_IPAD = NO;
				SWIFT_APPROACHABLE_CONCURRENCY = YES;
				SWIFT_DEFAULT_ACTOR_ISOLATION = MainActor;
				SWIFT_EMIT_LOC_STRINGS = YES;
				SWIFT_UPCOMING_FEATURE_MEMBER_IMPORT_VISIBILITY = YES;
				SWIFT_VERSION = 5.0;
				TARGETED_DEVICE_FAMILY = 1;
			};
			name = Debug;
		};
		B07A7A742F3BB60C00FEBF9F /* Release */ = {
			isa = XCBuildConfiguration;
			buildSettings = {
				ASSETCATALOG_COMPILER_APPICON_NAME = AppIcon;
				ASSETCATALOG_COMPILER_GLOBAL_ACCENT_COLOR_NAME = AccentColor;
				CODE_SIGN_STYLE = Automatic;
				CURRENT_PROJECT_VERSION = 1;
				DEVELOPMENT_TEAM = 3NC455DU88;
				GENERATE_INFOPLIST_FILE = YES;
				INFOPLIST_FILE = Exchanges/Application/Info.plist;
				INFOPLIST_KEY_CFBundleDisplayName = Exchanges;
				INFOPLIST_KEY_LSApplicationCategoryType = "public.app-category.finance";
				INFOPLIST_KEY_UIApplicationSupportsIndirectInputEvents = YES;
				INFOPLIST_KEY_UILaunchStoryboardName = LaunchScreen;
				INFOPLIST_KEY_UISupportedInterfaceOrientations = UIInterfaceOrientationPortrait;
				LD_RUNPATH_SEARCH_PATHS = (
					"$(inherited)",
					"@executable_path/Frameworks",
				);
				MARKETING_VERSION = 1.0;
				PRODUCT_BUNDLE_IDENTIFIER = com.mp.exchanges;
				PRODUCT_NAME = "$(TARGET_NAME)";
				STRING_CATALOG_GENERATE_SYMBOLS = YES;
				SUPPORTED_PLATFORMS = "iphoneos iphonesimulator";
				SUPPORTS_MACCATALYST = NO;
				SUPPORTS_XR_DESIGNED_FOR_IPHONE_IPAD = NO;
				SWIFT_APPROACHABLE_CONCURRENCY = YES;
				SWIFT_DEFAULT_ACTOR_ISOLATION = MainActor;
				SWIFT_EMIT_LOC_STRINGS = YES;
				SWIFT_UPCOMING_FEATURE_MEMBER_IMPORT_VISIBILITY = YES;
				SWIFT_VERSION = 5.0;
				TARGETED_DEVICE_FAMILY = 1;
			};
			name = Release;
		};
		B07A7A752F3BB60C00FEBF9F /* Debug */ = {
			isa = XCBuildConfiguration;
			buildSettings = {
				ALWAYS_SEARCH_USER_PATHS = NO;
				ASSETCATALOG_COMPILER_GENERATE_SWIFT_ASSET_SYMBOL_EXTENSIONS = YES;
				CLANG_ANALYZER_NONNULL = YES;
				CLANG_ANALYZER_NUMBER_OBJECT_CONVERSION = YES_AGGRESSIVE;
				CLANG_CXX_LANGUAGE_STANDARD = "gnu++20";
				CLANG_ENABLE_MODULES = YES;
				CLANG_ENABLE_OBJC_ARC = YES;
				CLANG_ENABLE_OBJC_WEAK = YES;
				CLANG_WARN_BLOCK_CAPTURE_AUTORELEASING = YES;
				CLANG_WARN_BOOL_CONVERSION = YES;
				CLANG_WARN_COMMA = YES;
				CLANG_WARN_CONSTANT_CONVERSION = YES;
				CLANG_WARN_DEPRECATED_OBJC_IMPLEMENTATIONS = YES;
				CLANG_WARN_DIRECT_OBJC_ISA_USAGE = YES_ERROR;
				CLANG_WARN_DOCUMENTATION_COMMENTS = YES;
				CLANG_WARN_EMPTY_BODY = YES;
				CLANG_WARN_ENUM_CONVERSION = YES;
				CLANG_WARN_INFINITE_RECURSION = YES;
				CLANG_WARN_INT_CONVERSION = YES;
				CLANG_WARN_NON_LITERAL_NULL_CONVERSION = YES;
				CLANG_WARN_OBJC_IMPLICIT_RETAIN_SELF = YES;
				CLANG_WARN_OBJC_LITERAL_CONVERSION = YES;
				CLANG_WARN_OBJC_ROOT_CLASS = YES_ERROR;
				CLANG_WARN_QUOTED_INCLUDE_IN_FRAMEWORK_HEADER = YES;
				CLANG_WARN_RANGE_LOOP_ANALYSIS = YES;
				CLANG_WARN_STRICT_PROTOTYPES = YES;
				CLANG_WARN_SUSPICIOUS_MOVE = YES;
				CLANG_WARN_UNGUARDED_AVAILABILITY = YES_AGGRESSIVE;
				CLANG_WARN_UNREACHABLE_CODE = YES;
				CLANG_WARN__DUPLICATE_METHOD_MATCH = YES;
				COPY_PHASE_STRIP = NO;
				DEBUG_INFORMATION_FORMAT = dwarf;
				DEVELOPMENT_TEAM = 3NC455DU88;
				ENABLE_STRICT_OBJC_MSGSEND = YES;
				ENABLE_TESTABILITY = YES;
				ENABLE_USER_SCRIPT_SANDBOXING = YES;
				GCC_C_LANGUAGE_STANDARD = gnu17;
				GCC_DYNAMIC_NO_PIC = NO;
				GCC_NO_COMMON_BLOCKS = YES;
				GCC_OPTIMIZATION_LEVEL = 0;
				GCC_PREPROCESSOR_DEFINITIONS = (
					"DEBUG=1",
					"$(inherited)",
				);
				GCC_WARN_64_TO_32_BIT_CONVERSION = YES;
				GCC_WARN_ABOUT_RETURN_TYPE = YES_ERROR;
				GCC_WARN_UNDECLARED_SELECTOR = YES;
				GCC_WARN_UNINITIALIZED_AUTOS = YES_AGGRESSIVE;
				GCC_WARN_UNUSED_FUNCTION = YES;
				GCC_WARN_UNUSED_VARIABLE = YES;
				IPHONEOS_DEPLOYMENT_TARGET = 26.2;
				LOCALIZATION_PREFERS_STRING_CATALOGS = YES;
				MTL_ENABLE_DEBUG_INFO = INCLUDE_SOURCE;
				MTL_FAST_MATH = YES;
				ONLY_ACTIVE_ARCH = YES;
				SDKROOT = iphoneos;
				SWIFT_ACTIVE_COMPILATION_CONDITIONS = "DEBUG $(inherited)";
				SWIFT_OPTIMIZATION_LEVEL = "-Onone";
			};
			name = Debug;
		};
		B07A7A762F3BB60C00FEBF9F /* Release */ = {
			isa = XCBuildConfiguration;
			buildSettings = {
				ALWAYS_SEARCH_USER_PATHS = NO;
				ASSETCATALOG_COMPILER_GENERATE_SWIFT_ASSET_SYMBOL_EXTENSIONS = YES;
				CLANG_ANALYZER_NONNULL = YES;
				CLANG_ANALYZER_NUMBER_OBJECT_CONVERSION = YES_AGGRESSIVE;
				CLANG_CXX_LANGUAGE_STANDARD = "gnu++20";
				CLANG_ENABLE_MODULES = YES;
				CLANG_ENABLE_OBJC_ARC = YES;
				CLANG_ENABLE_OBJC_WEAK = YES;
				CLANG_WARN_BLOCK_CAPTURE_AUTORELEASING = YES;
				CLANG_WARN_BOOL_CONVERSION = YES;
				CLANG_WARN_COMMA = YES;
				CLANG_WARN_CONSTANT_CONVERSION = YES;
				CLANG_WARN_DEPRECATED_OBJC_IMPLEMENTATIONS = YES;
				CLANG_WARN_DIRECT_OBJC_ISA_USAGE = YES_ERROR;
				CLANG_WARN_DOCUMENTATION_COMMENTS = YES;
				CLANG_WARN_EMPTY_BODY = YES;
				CLANG_WARN_ENUM_CONVERSION = YES;
				CLANG_WARN_INFINITE_RECURSION = YES;
				CLANG_WARN_INT_CONVERSION = YES;
				CLANG_WARN_NON_LITERAL_NULL_CONVERSION = YES;
				CLANG_WARN_OBJC_IMPLICIT_RETAIN_SELF = YES;
				CLANG_WARN_OBJC_LITERAL_CONVERSION = YES;
				CLANG_WARN_OBJC_ROOT_CLASS = YES_ERROR;
				CLANG_WARN_QUOTED_INCLUDE_IN_FRAMEWORK_HEADER = YES;
				CLANG_WARN_RANGE_LOOP_ANALYSIS = YES;
				CLANG_WARN_STRICT_PROTOTYPES = YES;
				CLANG_WARN_SUSPICIOUS_MOVE = YES;
				CLANG_WARN_UNGUARDED_AVAILABILITY = YES_AGGRESSIVE;
				CLANG_WARN_UNREACHABLE_CODE = YES;
				CLANG_WARN__DUPLICATE_METHOD_MATCH = YES;
				COPY_PHASE_STRIP = NO;
				DEBUG_INFORMATION_FORMAT = "dwarf-with-dsym";
				DEVELOPMENT_TEAM = 3NC455DU88;
				ENABLE_NS_ASSERTIONS = NO;
				ENABLE_STRICT_OBJC_MSGSEND = YES;
				ENABLE_USER_SCRIPT_SANDBOXING = YES;
				GCC_C_LANGUAGE_STANDARD = gnu17;
				GCC_NO_COMMON_BLOCKS = YES;
				GCC_WARN_64_TO_32_BIT_CONVERSION = YES;
				GCC_WARN_ABOUT_RETURN_TYPE = YES_ERROR;
				GCC_WARN_UNDECLARED_SELECTOR = YES;
				GCC_WARN_UNINITIALIZED_AUTOS = YES_AGGRESSIVE;
				GCC_WARN_UNUSED_FUNCTION = YES;
				GCC_WARN_UNUSED_VARIABLE = YES;
				IPHONEOS_DEPLOYMENT_TARGET = 26.2;
				LOCALIZATION_PREFERS_STRING_CATALOGS = YES;
				MTL_ENABLE_DEBUG_INFO = NO;
				MTL_FAST_MATH = YES;
				SDKROOT = iphoneos;
				SWIFT_COMPILATION_MODE = wholemodule;
				VALIDATE_PRODUCT = YES;
			};
			name = Release;
		};
		B07A7A782F3BB60C00FEBF9F /* Debug */ = {
			isa = XCBuildConfiguration;
			buildSettings = {
				BUNDLE_LOADER = "$(TEST_HOST)";
				CODE_SIGN_STYLE = Automatic;
				CURRENT_PROJECT_VERSION = 1;
				DEVELOPMENT_TEAM = 3NC455DU88;
				GENERATE_INFOPLIST_FILE = YES;
				IPHONEOS_DEPLOYMENT_TARGET = 26.2;
				MARKETING_VERSION = 1.0;
				PRODUCT_BUNDLE_IDENTIFIER = com.mp.exchangesTests;
				PRODUCT_NAME = "$(TARGET_NAME)";
				STRING_CATALOG_GENERATE_SYMBOLS = NO;
				SWIFT_APPROACHABLE_CONCURRENCY = YES;
				SWIFT_EMIT_LOC_STRINGS = NO;
				SWIFT_UPCOMING_FEATURE_MEMBER_IMPORT_VISIBILITY = YES;
				SWIFT_VERSION = 5.0;
				TARGETED_DEVICE_FAMILY = "1,2";
				TEST_HOST = "$(BUILT_PRODUCTS_DIR)/Exchanges.app/$(BUNDLE_EXECUTABLE_FOLDER_PATH)/Exchanges";
			};
			name = Debug;
		};
		B07A7A792F3BB60C00FEBF9F /* Release */ = {
			isa = XCBuildConfiguration;
			buildSettings = {
				BUNDLE_LOADER = "$(TEST_HOST)";
				CODE_SIGN_STYLE = Automatic;
				CURRENT_PROJECT_VERSION = 1;
				DEVELOPMENT_TEAM = 3NC455DU88;
				GENERATE_INFOPLIST_FILE = YES;
				IPHONEOS_DEPLOYMENT_TARGET = 26.2;
				MARKETING_VERSION = 1.0;
				PRODUCT_BUNDLE_IDENTIFIER = com.mp.exchangesTests;
				PRODUCT_NAME = "$(TARGET_NAME)";
				STRING_CATALOG_GENERATE_SYMBOLS = NO;
				SWIFT_APPROACHABLE_CONCURRENCY = YES;
				SWIFT_EMIT_LOC_STRINGS = NO;
				SWIFT_UPCOMING_FEATURE_MEMBER_IMPORT_VISIBILITY = YES;
				SWIFT_VERSION = 5.0;
				TARGETED_DEVICE_FAMILY = "1,2";
				TEST_HOST = "$(BUILT_PRODUCTS_DIR)/Exchanges.app/$(BUNDLE_EXECUTABLE_FOLDER_PATH)/Exchanges";
			};
			name = Release;
		};
		B07A7A7B2F3BB60C00FEBF9F /* Debug */ = {
			isa = XCBuildConfiguration;
			buildSettings = {
				CODE_SIGN_STYLE = Automatic;
				CURRENT_PROJECT_VERSION = 1;
				DEVELOPMENT_TEAM = 3NC455DU88;
				GENERATE_INFOPLIST_FILE = YES;
				MARKETING_VERSION = 1.0;
				PRODUCT_BUNDLE_IDENTIFIER = com.mp.exchangesUITests;
				PRODUCT_NAME = "$(TARGET_NAME)";
				STRING_CATALOG_GENERATE_SYMBOLS = NO;
				SWIFT_APPROACHABLE_CONCURRENCY = YES;
				SWIFT_EMIT_LOC_STRINGS = NO;
				SWIFT_UPCOMING_FEATURE_MEMBER_IMPORT_VISIBILITY = YES;
				SWIFT_VERSION = 5.0;
				TARGETED_DEVICE_FAMILY = "1,2";
				TEST_TARGET_NAME = Exchanges;
			};
			name = Debug;
		};
		B07A7A7C2F3BB60C00FEBF9F /* Release */ = {
			isa = XCBuildConfiguration;
			buildSettings = {
				CODE_SIGN_STYLE = Automatic;
				CURRENT_PROJECT_VERSION = 1;
				DEVELOPMENT_TEAM = 3NC455DU88;
				GENERATE_INFOPLIST_FILE = YES;
				MARKETING_VERSION = 1.0;
				PRODUCT_BUNDLE_IDENTIFIER = com.mp.exchangesUITests;
				PRODUCT_NAME = "$(TARGET_NAME)";
				STRING_CATALOG_GENERATE_SYMBOLS = NO;
				SWIFT_APPROACHABLE_CONCURRENCY = YES;
				SWIFT_EMIT_LOC_STRINGS = NO;
				SWIFT_UPCOMING_FEATURE_MEMBER_IMPORT_VISIBILITY = YES;
				SWIFT_VERSION = 5.0;
				TARGETED_DEVICE_FAMILY = "1,2";
				TEST_TARGET_NAME = Exchanges;
			};
			name = Release;
		};
/* End XCBuildConfiguration section */

/* Begin XCConfigurationList section */
		B07A7A442F3BB60A00FEBF9F /* Build configuration list for PBXProject "Exchanges" */ = {
			isa = XCConfigurationList;
			buildConfigurations = (
				B07A7A752F3BB60C00FEBF9F /* Debug */,
				B07A7A762F3BB60C00FEBF9F /* Release */,
			);
			defaultConfigurationIsVisible = 0;
			defaultConfigurationName = Release;
		};
		B07A7A722F3BB60C00FEBF9F /* Build configuration list for PBXNativeTarget "Exchanges" */ = {
			isa = XCConfigurationList;
			buildConfigurations = (
				B07A7A732F3BB60C00FEBF9F /* Debug */,
				B07A7A742F3BB60C00FEBF9F /* Release */,
			);
			defaultConfigurationIsVisible = 0;
			defaultConfigurationName = Release;
		};
		B07A7A772F3BB60C00FEBF9F /* Build configuration list for PBXNativeTarget "ExchangesTests" */ = {
			isa = XCConfigurationList;
			buildConfigurations = (
				B07A7A782F3BB60C00FEBF9F /* Debug */,
				B07A7A792F3BB60C00FEBF9F /* Release */,
			);
			defaultConfigurationIsVisible = 0;
			defaultConfigurationName = Release;
		};
		B07A7A7A2F3BB60C00FEBF9F /* Build configuration list for PBXNativeTarget "ExchangesUITests" */ = {
			isa = XCConfigurationList;
			buildConfigurations = (
				B07A7A7B2F3BB60C00FEBF9F /* Debug */,
				B07A7A7C2F3BB60C00FEBF9F /* Release */,
			);
			defaultConfigurationIsVisible = 0;
			defaultConfigurationName = Release;
		};
/* End XCConfigurationList section */

/* Begin XCRemoteSwiftPackageReference section */
		B07A7ACD2F3CAEE300FEBF9F /* XCRemoteSwiftPackageReference "Kingfisher" */ = {
			isa = XCRemoteSwiftPackageReference;
			repositoryURL = "https://github.com/onevcat/Kingfisher";
			requirement = {
				kind = upToNextMajorVersion;
				minimumVersion = 8.6.2;
			};
		};
/* End XCRemoteSwiftPackageReference section */

/* Begin XCSwiftPackageProductDependency section */
		B07A7ACE2F3CAEE300FEBF9F /* Kingfisher */ = {
			isa = XCSwiftPackageProductDependency;
			package = B07A7ACD2F3CAEE300FEBF9F /* XCRemoteSwiftPackageReference "Kingfisher" */;
			productName = Kingfisher;
		};
/* End XCSwiftPackageProductDependency section */
	};
	rootObject = B07A7A412F3BB60A00FEBF9F /* Project object */;
}
